// !$*UTF8*$!
{
	archiveVersion = 1;
	classes = {
	};
	objectVersion = 46;
	objects = {

/* Begin PBXBuildFile section */
		7A970C3B1FB99567006CEF34 /* AppDelegate.swift in Sources */ = {isa = PBXBuildFile; fileRef = 7A970C3A1FB99567006CEF34 /* AppDelegate.swift */; };
		7A970C401FB99567006CEF34 /* Main.storyboard in Resources */ = {isa = PBXBuildFile; fileRef = 7A970C3E1FB99567006CEF34 /* Main.storyboard */; };
		7A970C421FB99567006CEF34 /* Assets.xcassets in Resources */ = {isa = PBXBuildFile; fileRef = 7A970C411FB99567006CEF34 /* Assets.xcassets */; };
		7A970C451FB99567006CEF34 /* LaunchScreen.storyboard in Resources */ = {isa = PBXBuildFile; fileRef = 7A970C431FB99567006CEF34 /* LaunchScreen.storyboard */; };
		7A970C501FB99567006CEF34 /* ParkfinderTests.swift in Sources */ = {isa = PBXBuildFile; fileRef = 7A970C4F1FB99567006CEF34 /* ParkfinderTests.swift */; };
		7A970C5B1FB99567006CEF34 /* ParkfinderUITests.swift in Sources */ = {isa = PBXBuildFile; fileRef = 7A970C5A1FB99567006CEF34 /* ParkfinderUITests.swift */; };
		7AFC6F2E1FCC687D0002772D /* MainTableViewController.swift in Sources */ = {isa = PBXBuildFile; fileRef = 7AFC6F2D1FCC687D0002772D /* MainTableViewController.swift */; };
/* End PBXBuildFile section */

/* Begin PBXContainerItemProxy section */
		7A970C4C1FB99567006CEF34 /* PBXContainerItemProxy */ = {
			isa = PBXContainerItemProxy;
			containerPortal = 7A970C2F1FB99567006CEF34 /* Project object */;
			proxyType = 1;
			remoteGlobalIDString = 7A970C361FB99567006CEF34;
			remoteInfo = Parkfinder;
		};
		7A970C571FB99567006CEF34 /* PBXContainerItemProxy */ = {
			isa = PBXContainerItemProxy;
			containerPortal = 7A970C2F1FB99567006CEF34 /* Project object */;
			proxyType = 1;
			remoteGlobalIDString = 7A970C361FB99567006CEF34;
			remoteInfo = Parkfinder;
		};
/* End PBXContainerItemProxy section */

/* Begin PBXFileReference section */
		7A970C371FB99567006CEF34 /* Parkfinder.app */ = {isa = PBXFileReference; explicitFileType = wrapper.application; includeInIndex = 0; path = Parkfinder.app; sourceTree = BUILT_PRODUCTS_DIR; };
		7A970C3A1FB99567006CEF34 /* AppDelegate.swift */ = {isa = PBXFileReference; lastKnownFileType = sourcecode.swift; path = AppDelegate.swift; sourceTree = "<group>"; };
		7A970C3F1FB99567006CEF34 /* Base */ = {isa = PBXFileReference; lastKnownFileType = file.storyboard; name = Base; path = Base.lproj/Main.storyboard; sourceTree = "<group>"; };
		7A970C411FB99567006CEF34 /* Assets.xcassets */ = {isa = PBXFileReference; lastKnownFileType = folder.assetcatalog; path = Assets.xcassets; sourceTree = "<group>"; };
		7A970C441FB99567006CEF34 /* Base */ = {isa = PBXFileReference; lastKnownFileType = file.storyboard; name = Base; path = Base.lproj/LaunchScreen.storyboard; sourceTree = "<group>"; };
		7A970C461FB99567006CEF34 /* Info.plist */ = {isa = PBXFileReference; lastKnownFileType = text.plist.xml; path = Info.plist; sourceTree = "<group>"; };
		7A970C4B1FB99567006CEF34 /* ParkfinderTests.xctest */ = {isa = PBXFileReference; explicitFileType = wrapper.cfbundle; includeInIndex = 0; path = ParkfinderTests.xctest; sourceTree = BUILT_PRODUCTS_DIR; };
		7A970C4F1FB99567006CEF34 /* ParkfinderTests.swift */ = {isa = PBXFileReference; lastKnownFileType = sourcecode.swift; path = ParkfinderTests.swift; sourceTree = "<group>"; };
		7A970C511FB99567006CEF34 /* Info.plist */ = {isa = PBXFileReference; lastKnownFileType = text.plist.xml; path = Info.plist; sourceTree = "<group>"; };
		7A970C561FB99567006CEF34 /* ParkfinderUITests.xctest */ = {isa = PBXFileReference; explicitFileType = wrapper.cfbundle; includeInIndex = 0; path = ParkfinderUITests.xctest; sourceTree = BUILT_PRODUCTS_DIR; };
		7A970C5A1FB99567006CEF34 /* ParkfinderUITests.swift */ = {isa = PBXFileReference; lastKnownFileType = sourcecode.swift; path = ParkfinderUITests.swift; sourceTree = "<group>"; };
		7A970C5C1FB99567006CEF34 /* Info.plist */ = {isa = PBXFileReference; lastKnownFileType = text.plist.xml; path = Info.plist; sourceTree = "<group>"; };
		7AFC6F2D1FCC687D0002772D /* MainTableViewController.swift */ = {isa = PBXFileReference; fileEncoding = 4; lastKnownFileType = sourcecode.swift; path = MainTableViewController.swift; sourceTree = "<group>"; };
/* End PBXFileReference section */

/* Begin PBXFrameworksBuildPhase section */
		7A970C341FB99567006CEF34 /* Frameworks */ = {
			isa = PBXFrameworksBuildPhase;
			buildActionMask = 2147483647;
			files = (
			);
			runOnlyForDeploymentPostprocessing = 0;
		};
		7A970C481FB99567006CEF34 /* Frameworks */ = {
			isa = PBXFrameworksBuildPhase;
			buildActionMask = 2147483647;
			files = (
			);
			runOnlyForDeploymentPostprocessing = 0;
		};
		7A970C531FB99567006CEF34 /* Frameworks */ = {
			isa = PBXFrameworksBuildPhase;
			buildActionMask = 2147483647;
			files = (
			);
			runOnlyForDeploymentPostprocessing = 0;
		};
/* End PBXFrameworksBuildPhase section */

/* Begin PBXGroup section */
		7A970C2E1FB99567006CEF34 = {
			isa = PBXGroup;
			children = (
				7A970C391FB99567006CEF34 /* Parkfinder */,
				7A970C4E1FB99567006CEF34 /* ParkfinderTests */,
				7A970C591FB99567006CEF34 /* ParkfinderUITests */,
				7A970C381FB99567006CEF34 /* Products */,
			);
			sourceTree = "<group>";
		};
		7A970C381FB99567006CEF34 /* Products */ = {
			isa = PBXGroup;
			children = (
				7A970C371FB99567006CEF34 /* Parkfinder.app */,
				7A970C4B1FB99567006CEF34 /* ParkfinderTests.xctest */,
				7A970C561FB99567006CEF34 /* ParkfinderUITests.xctest */,
			);
			name = Products;
			sourceTree = "<group>";
		};
		7A970C391FB99567006CEF34 /* Parkfinder */ = {
			isa = PBXGroup;
			children = (
				7A970C3A1FB99567006CEF34 /* AppDelegate.swift */,
				7A970C3E1FB99567006CEF34 /* Main.storyboard */,
				7A970C411FB99567006CEF34 /* Assets.xcassets */,
				7A970C431FB99567006CEF34 /* LaunchScreen.storyboard */,
				7A970C461FB99567006CEF34 /* Info.plist */,
				7AFC6F2D1FCC687D0002772D /* MainTableViewController.swift */,
			);
			path = Parkfinder;
			sourceTree = "<group>";
		};
		7A970C4E1FB99567006CEF34 /* ParkfinderTests */ = {
			isa = PBXGroup;
			children = (
				7A970C4F1FB99567006CEF34 /* ParkfinderTests.swift */,
				7A970C511FB99567006CEF34 /* Info.plist */,
			);
			path = ParkfinderTests;
			sourceTree = "<group>";
		};
		7A970C591FB99567006CEF34 /* ParkfinderUITests */ = {
			isa = PBXGroup;
			children = (
				7A970C5A1FB99567006CEF34 /* ParkfinderUITests.swift */,
				7A970C5C1FB99567006CEF34 /* Info.plist */,
			);
			path = ParkfinderUITests;
			sourceTree = "<group>";
		};
/* End PBXGroup section */

/* Begin PBXNativeTarget section */
		7A970C361FB99567006CEF34 /* Parkfinder */ = {
			isa = PBXNativeTarget;
			buildConfigurationList = 7A970C5F1FB99567006CEF34 /* Build configuration list for PBXNativeTarget "Parkfinder" */;
			buildPhases = (
				7A970C331FB99567006CEF34 /* Sources */,
				7A970C341FB99567006CEF34 /* Frameworks */,
				7A970C351FB99567006CEF34 /* Resources */,
			);
			buildRules = (
			);
			dependencies = (
			);
			name = Parkfinder;
			productName = Parkfinder;
			productReference = 7A970C371FB99567006CEF34 /* Parkfinder.app */;
			productType = "com.apple.product-type.application";
		};
		7A970C4A1FB99567006CEF34 /* ParkfinderTests */ = {
			isa = PBXNativeTarget;
			buildConfigurationList = 7A970C621FB99567006CEF34 /* Build configuration list for PBXNativeTarget "ParkfinderTests" */;
			buildPhases = (
				7A970C471FB99567006CEF34 /* Sources */,
				7A970C481FB99567006CEF34 /* Frameworks */,
				7A970C491FB99567006CEF34 /* Resources */,
			);
			buildRules = (
			);
			dependencies = (
				7A970C4D1FB99567006CEF34 /* PBXTargetDependency */,
			);
			name = ParkfinderTests;
			productName = ParkfinderTests;
			productReference = 7A970C4B1FB99567006CEF34 /* ParkfinderTests.xctest */;
			productType = "com.apple.product-type.bundle.unit-test";
		};
		7A970C551FB99567006CEF34 /* ParkfinderUITests */ = {
			isa = PBXNativeTarget;
			buildConfigurationList = 7A970C651FB99567006CEF34 /* Build configuration list for PBXNativeTarget "ParkfinderUITests" */;
			buildPhases = (
				7A970C521FB99567006CEF34 /* Sources */,
				7A970C531FB99567006CEF34 /* Frameworks */,
				7A970C541FB99567006CEF34 /* Resources */,
			);
			buildRules = (
			);
			dependencies = (
				7A970C581FB99567006CEF34 /* PBXTargetDependency */,
			);
			name = ParkfinderUITests;
			productName = ParkfinderUITests;
			productReference = 7A970C561FB99567006CEF34 /* ParkfinderUITests.xctest */;
			productType = "com.apple.product-type.bundle.ui-testing";
		};
/* End PBXNativeTarget section */

/* Begin PBXProject section */
		7A970C2F1FB99567006CEF34 /* Project object */ = {
			isa = PBXProject;
			attributes = {
				LastSwiftUpdateCheck = 0830;
				LastUpgradeCheck = 0830;
				ORGANIZATIONNAME = jea;
				TargetAttributes = {
					7A970C361FB99567006CEF34 = {
						CreatedOnToolsVersion = 8.3.3;
						ProvisioningStyle = Automatic;
					};
					7A970C4A1FB99567006CEF34 = {
						CreatedOnToolsVersion = 8.3.3;
						ProvisioningStyle = Automatic;
						TestTargetID = 7A970C361FB99567006CEF34;
					};
					7A970C551FB99567006CEF34 = {
						CreatedOnToolsVersion = 8.3.3;
						ProvisioningStyle = Automatic;
						TestTargetID = 7A970C361FB99567006CEF34;
					};
				};
			};
			buildConfigurationList = 7A970C321FB99567006CEF34 /* Build configuration list for PBXProject "Parkfinder" */;
			compatibilityVersion = "Xcode 3.2";
			developmentRegion = English;
			hasScannedForEncodings = 0;
			knownRegions = (
				en,
				Base,
			);
			mainGroup = 7A970C2E1FB99567006CEF34;
			productRefGroup = 7A970C381FB99567006CEF34 /* Products */;
			projectDirPath = "";
			projectRoot = "";
			targets = (
				7A970C361FB99567006CEF34 /* Parkfinder */,
				7A970C4A1FB99567006CEF34 /* ParkfinderTests */,
				7A970C551FB99567006CEF34 /* ParkfinderUITests */,
			);
		};
/* End PBXProject section */

/* Begin PBXResourcesBuildPhase section */
		7A970C351FB99567006CEF34 /* Resources */ = {
			isa = PBXResourcesBuildPhase;
			buildActionMask = 2147483647;
			files = (
				7A970C451FB99567006CEF34 /* LaunchScreen.storyboard in Resources */,
				7A970C421FB99567006CEF34 /* Assets.xcassets in Resources */,
				7A970C401FB99567006CEF34 /* Main.storyboard in Resources */,
			);
			runOnlyForDeploymentPostprocessing = 0;
		};
		7A970C491FB99567006CEF34 /* Resources */ = {
			isa = PBXResourcesBuildPhase;
			buildActionMask = 2147483647;
			files = (
			);
			runOnlyForDeploymentPostprocessing = 0;
		};
		7A970C541FB99567006CEF34 /* Resources */ = {
			isa = PBXResourcesBuildPhase;
			buildActionMask = 2147483647;
			files = (
			);
			runOnlyForDeploymentPostprocessing = 0;
		};
/* End PBXResourcesBuildPhase section */

/* Begin PBXSourcesBuildPhase section */
		7A970C331FB99567006CEF34 /* Sources */ = {
			isa = PBXSourcesBuildPhase;
			buildActionMask = 2147483647;
			files = (
				7AFC6F2E1FCC687D0002772D /* MainTableViewController.swift in Sources */,
				7A970C3B1FB99567006CEF34 /* AppDelegate.swift in Sources */,
			);
			runOnlyForDeploymentPostprocessing = 0;
		};
		7A970C471FB99567006CEF34 /* Sources */ = {
			isa = PBXSourcesBuildPhase;
			buildActionMask = 2147483647;
			files = (
				7A970C501FB99567006CEF34 /* ParkfinderTests.swift in Sources */,
			);
			runOnlyForDeploymentPostprocessing = 0;
		};
		7A970C521FB99567006CEF34 /* Sources */ = {
			isa = PBXSourcesBuildPhase;
			buildActionMask = 2147483647;
			files = (
				7A970C5B1FB99567006CEF34 /* ParkfinderUITests.swift in Sources */,
			);
			runOnlyForDeploymentPostprocessing = 0;
		};
/* End PBXSourcesBuildPhase section */

/* Begin PBXTargetDependency section */
		7A970C4D1FB99567006CEF34 /* PBXTargetDependency */ = {
			isa = PBXTargetDependency;
			target = 7A970C361FB99567006CEF34 /* Parkfinder */;
			targetProxy = 7A970C4C1FB99567006CEF34 /* PBXContainerItemProxy */;
		};
		7A970C581FB99567006CEF34 /* PBXTargetDependency */ = {
			isa = PBXTargetDependency;
			target = 7A970C361FB99567006CEF34 /* Parkfinder */;
			targetProxy = 7A970C571FB99567006CEF34 /* PBXContainerItemProxy */;
		};
/* End PBXTargetDependency section */

/* Begin PBXVariantGroup section */
		7A970C3E1FB99567006CEF34 /* Main.storyboard */ = {
			isa = PBXVariantGroup;
			children = (
				7A970C3F1FB99567006CEF34 /* Base */,
			);
			name = Main.storyboard;
			sourceTree = "<group>";
		};
		7A970C431FB99567006CEF34 /* LaunchScreen.storyboard */ = {
			isa = PBXVariantGroup;
			children = (
				7A970C441FB99567006CEF34 /* Base */,
			);
			name = LaunchScreen.storyboard;
			sourceTree = "<group>";
		};
/* End PBXVariantGroup section */

/* Begin XCBuildConfiguration section */
		7A970C5D1FB99567006CEF34 /* Debug */ = {
			isa = XCBuildConfiguration;
			buildSettings = {
				ALWAYS_SEARCH_USER_PATHS = NO;
				CLANG_ANALYZER_NONNULL = YES;
				CLANG_ANALYZER_NUMBER_OBJECT_CONVERSION = YES_AGGRESSIVE;
				CLANG_CXX_LANGUAGE_STANDARD = "gnu++0x";
				CLANG_CXX_LIBRARY = "libc++";
				CLANG_ENABLE_MODULES = YES;
				CLANG_ENABLE_OBJC_ARC = YES;
				CLANG_WARN_BOOL_CONVERSION = YES;
				CLANG_WARN_CONSTANT_CONVERSION = YES;
				CLANG_WARN_DIRECT_OBJC_ISA_USAGE = YES_ERROR;
				CLANG_WARN_DOCUMENTATION_COMMENTS = YES;
				CLANG_WARN_EMPTY_BODY = YES;
				CLANG_WARN_ENUM_CONVERSION = YES;
				CLANG_WARN_INFINITE_RECURSION = YES;
				CLANG_WARN_INT_CONVERSION = YES;
				CLANG_WARN_OBJC_ROOT_CLASS = YES_ERROR;
				CLANG_WARN_SUSPICIOUS_MOVE = YES;
				CLANG_WARN_UNREACHABLE_CODE = YES;
				CLANG_WARN__DUPLICATE_METHOD_MATCH = YES;
				"CODE_SIGN_IDENTITY[sdk=iphoneos*]" = "iPhone Developer";
				COPY_PHASE_STRIP = NO;
				DEBUG_INFORMATION_FORMAT = dwarf;
				ENABLE_STRICT_OBJC_MSGSEND = YES;
				ENABLE_TESTABILITY = YES;
				GCC_C_LANGUAGE_STANDARD = gnu99;
				GCC_DYNAMIC_NO_PIC = NO;
				GCC_NO_COMMON_BLOCKS = YES;
				GCC_OPTIMIZATION_LEVEL = 0;
				GCC_PREPROCESSOR_DEFINITIONS = (
					"DEBUG=1",
					"$(inherited)",
				);
				GCC_WARN_64_TO_32_BIT_CONVERSION = YES;
				GCC_WARN_ABOUT_RETURN_TYPE = YES_ERROR;
				GCC_WARN_UNDECLARED_SELECTOR = YES;
				GCC_WARN_UNINITIALIZED_AUTOS = YES_AGGRESSIVE;
				GCC_WARN_UNUSED_FUNCTION = YES;
				GCC_WARN_UNUSED_VARIABLE = YES;
				IPHONEOS_DEPLOYMENT_TARGET = 10.3;
				MTL_ENABLE_DEBUG_INFO = YES;
				ONLY_ACTIVE_ARCH = YES;
				SDKROOT = iphoneos;
				SWIFT_ACTIVE_COMPILATION_CONDITIONS = DEBUG;
				SWIFT_OPTIMIZATION_LEVEL = "-Onone";
				TARGETED_DEVICE_FAMILY = "1,2";
			};
			name = Debug;
		};
		7A970C5E1FB99567006CEF34 /* Release */ = {
			isa = XCBuildConfiguration;
			buildSettings = {
				ALWAYS_SEARCH_USER_PATHS = NO;
				CLANG_ANALYZER_NONNULL = YES;
				CLANG_ANALYZER_NUMBER_OBJECT_CONVERSION = YES_AGGRESSIVE;
				CLANG_CXX_LANGUAGE_STANDARD = "gnu++0x";
				CLANG_CXX_LIBRARY = "libc++";
				CLANG_ENABLE_MODULES = YES;
				CLANG_ENABLE_OBJC_ARC = YES;
				CLANG_WARN_BOOL_CONVERSION = YES;
				CLANG_WARN_CONSTANT_CONVERSION = YES;
				CLANG_WARN_DIRECT_OBJC_ISA_USAGE = YES_ERROR;
				CLANG_WARN_DOCUMENTATION_COMMENTS = YES;
				CLANG_WARN_EMPTY_BODY = YES;
				CLANG_WARN_ENUM_CONVERSION = YES;
				CLANG_WARN_INFINITE_RECURSION = YES;
				CLANG_WARN_INT_CONVERSION = YES;
				CLANG_WARN_OBJC_ROOT_CLASS = YES_ERROR;
				CLANG_WARN_SUSPICIOUS_MOVE = YES;
				CLANG_WARN_UNREACHABLE_CODE = YES;
				CLANG_WARN__DUPLICATE_METHOD_MATCH = YES;
				"CODE_SIGN_IDENTITY[sdk=iphoneos*]" = "iPhone Developer";
				COPY_PHASE_STRIP = NO;
				DEBUG_INFORMATION_FORMAT = "dwarf-with-dsym";
				ENABLE_NS_ASSERTIONS = NO;
				ENABLE_STRICT_OBJC_MSGSEND = YES;
				GCC_C_LANGUAGE_STANDARD = gnu99;
				GCC_NO_COMMON_BLOCKS = YES;
				GCC_WARN_64_TO_32_BIT_CONVERSION = YES;
				GCC_WARN_ABOUT_RETURN_TYPE = YES_ERROR;
				GCC_WARN_UNDECLARED_SELECTOR = YES;
				GCC_WARN_UNINITIALIZED_AUTOS = YES_AGGRESSIVE;
				GCC_WARN_UNUSED_FUNCTION = YES;
				GCC_WARN_UNUSED_VARIABLE = YES;
				IPHONEOS_DEPLOYMENT_TARGET = 10.3;
				MTL_ENABLE_DEBUG_INFO = NO;
				SDKROOT = iphoneos;
				SWIFT_OPTIMIZATION_LEVEL = "-Owholemodule";
				TARGETED_DEVICE_FAMILY = "1,2";
				VALIDATE_PRODUCT = YES;
			};
			name = Release;
		};
		7A970C601FB99567006CEF34 /* Debug */ = {
			isa = XCBuildConfiguration;
			buildSettings = {
				ASSETCATALOG_COMPILER_APPICON_NAME = AppIcon;
				INFOPLIST_FILE = Parkfinder/Info.plist;
				IPHONEOS_DEPLOYMENT_TARGET = 10.3;
				LD_RUNPATH_SEARCH_PATHS = "$(inherited) @executable_path/Frameworks";
				PRODUCT_BUNDLE_IDENTIFIER = com.Parkfinder;
				PRODUCT_NAME = "$(TARGET_NAME)";
				SWIFT_VERSION = 3.0;
				TARGETED_DEVICE_FAMILY = "1,2";
			};
			name = Debug;
		};
		7A970C611FB99567006CEF34 /* Release */ = {
			isa = XCBuildConfiguration;
			buildSettings = {
				ASSETCATALOG_COMPILER_APPICON_NAME = AppIcon;
				INFOPLIST_FILE = Parkfinder/Info.plist;
				IPHONEOS_DEPLOYMENT_TARGET = 10.3;
				LD_RUNPATH_SEARCH_PATHS = "$(inherited) @executable_path/Frameworks";
				PRODUCT_BUNDLE_IDENTIFIER = com.Parkfinder;
				PRODUCT_NAME = "$(TARGET_NAME)";
				SWIFT_VERSION = 3.0;
				TARGETED_DEVICE_FAMILY = "1,2";
			};
			name = Release;
		};
		7A970C631FB99567006CEF34 /* Debug */ = {
			isa = XCBuildConfiguration;
			buildSettings = {
				ALWAYS_EMBED_SWIFT_STANDARD_LIBRARIES = YES;
				BUNDLE_LOADER = "$(TEST_HOST)";
				INFOPLIST_FILE = ParkfinderTests/Info.plist;
				LD_RUNPATH_SEARCH_PATHS = "$(inherited) @executable_path/Frameworks @loader_path/Frameworks";
				PRODUCT_BUNDLE_IDENTIFIER = com.ParkfinderTests;
				PRODUCT_NAME = "$(TARGET_NAME)";
				SWIFT_VERSION = 3.0;
				TEST_HOST = "$(BUILT_PRODUCTS_DIR)/Parkfinder.app/Parkfinder";
			};
			name = Debug;
		};
		7A970C641FB99567006CEF34 /* Release */ = {
			isa = XCBuildConfiguration;
			buildSettings = {
				ALWAYS_EMBED_SWIFT_STANDARD_LIBRARIES = YES;
				BUNDLE_LOADER = "$(TEST_HOST)";
				INFOPLIST_FILE = ParkfinderTests/Info.plist;
				LD_RUNPATH_SEARCH_PATHS = "$(inherited) @executable_path/Frameworks @loader_path/Frameworks";
				PRODUCT_BUNDLE_IDENTIFIER = com.ParkfinderTests;
				PRODUCT_NAME = "$(TARGET_NAME)";
				SWIFT_VERSION = 3.0;
				TEST_HOST = "$(BUILT_PRODUCTS_DIR)/Parkfinder.app/Parkfinder";
			};
			name = Release;
		};
		7A970C661FB99567006CEF34 /* Debug */ = {
			isa = XCBuildConfiguration;
			buildSettings = {
				ALWAYS_EMBED_SWIFT_STANDARD_LIBRARIES = YES;
				INFOPLIST_FILE = ParkfinderUITests/Info.plist;
				LD_RUNPATH_SEARCH_PATHS = "$(inherited) @executable_path/Frameworks @loader_path/Frameworks";
				PRODUCT_BUNDLE_IDENTIFIER = com.ParkfinderUITests;
				PRODUCT_NAME = "$(TARGET_NAME)";
				SWIFT_VERSION = 3.0;
				TEST_TARGET_NAME = Parkfinder;
			};
			name = Debug;
		};
		7A970C671FB99567006CEF34 /* Release */ = {
			isa = XCBuildConfiguration;
			buildSettings = {
				ALWAYS_EMBED_SWIFT_STANDARD_LIBRARIES = YES;
				INFOPLIST_FILE = ParkfinderUITests/Info.plist;
				LD_RUNPATH_SEARCH_PATHS = "$(inherited) @executable_path/Frameworks @loader_path/Frameworks";
				PRODUCT_BUNDLE_IDENTIFIER = com.ParkfinderUITests;
				PRODUCT_NAME = "$(TARGET_NAME)";
				SWIFT_VERSION = 3.0;
				TEST_TARGET_NAME = Parkfinder;
			};
			name = Release;
		};
/* End XCBuildConfiguration section */

/* Begin XCConfigurationList section */
		7A970C321FB99567006CEF34 /* Build configuration list for PBXProject "Parkfinder" */ = {
			isa = XCConfigurationList;
			buildConfigurations = (
				7A970C5D1FB99567006CEF34 /* Debug */,
				7A970C5E1FB99567006CEF34 /* Release */,
			);
			defaultConfigurationIsVisible = 0;
			defaultConfigurationName = Release;
		};
		7A970C5F1FB99567006CEF34 /* Build configuration list for PBXNativeTarget "Parkfinder" */ = {
			isa = XCConfigurationList;
			buildConfigurations = (
				7A970C601FB99567006CEF34 /* Debug */,
				7A970C611FB99567006CEF34 /* Release */,
			);
			defaultConfigurationIsVisible = 0;
			defaultConfigurationName = Release;
		};
		7A970C621FB99567006CEF34 /* Build configuration list for PBXNativeTarget "ParkfinderTests" */ = {
			isa = XCConfigurationList;
			buildConfigurations = (
				7A970C631FB99567006CEF34 /* Debug */,
				7A970C641FB99567006CEF34 /* Release */,
			);
			defaultConfigurationIsVisible = 0;
			defaultConfigurationName = Release;
		};
		7A970C651FB99567006CEF34 /* Build configuration list for PBXNativeTarget "ParkfinderUITests" */ = {
			isa = XCConfigurationList;
			buildConfigurations = (
				7A970C661FB99567006CEF34 /* Debug */,
				7A970C671FB99567006CEF34 /* Release */,
			);
			defaultConfigurationIsVisible = 0;
			defaultConfigurationName = Release;
		};
/* End XCConfigurationList section */
	};
	rootObject = 7A970C2F1FB99567006CEF34 /* Project object */;
}
